
Microsoft Visual Studio Solution File, Format Version 12.00
# Visual Studio Version 16
VisualStudioVersion = 16.0.31105.61
MinimumVisualStudioVersion = 10.0.40219.1
Project("{FAE04EC0-301F-11D3-BF4B-00C04F79EFBC}") = "MvcMovie", "MvcMovie\MvcMovie.csproj", "{A53D5EA8-B837-49BC-9532-48768D0F2729}"
EndProject
Global
	GlobalSection(SolutionConfigurationPlatforms) = preSolution
		Debug|Any CPU = Debug|Any CPU
		Release|Any CPU = Release|Any CPU
	EndGlobalSection
	GlobalSection(ProjectConfigurationPlatforms) = postSolution
		{A53D5EA8-B837-49BC-9532-48768D0F2729}.Debug|Any CPU.ActiveCfg = Debug|Any CPU
		{A53D5EA8-B837-49BC-9532-48768D0F2729}.Debug|Any CPU.Build.0 = Debug|Any CPU
		{A53D5EA8-B837-49BC-9532-48768D0F2729}.Release|Any CPU.ActiveCfg = Release|Any CPU
		{A53D5EA8-B837-49BC-9532-48768D0F2729}.Release|Any CPU.Build.0 = Release|Any CPU
	EndGlobalSection
	GlobalSection(SolutionProperties) = preSolution
		HideSolutionNode = FALSE
	EndGlobalSection
	GlobalSection(ExtensibilityGlobals) = postSolution
		SolutionGuid = {77B418F8-1C9B-4BBE-A54C-6BCB49A57F06}
	EndGlobalSection
EndGlobal
